
Microsoft Visual Studio Solution File, Format Version 12.00
Project("{FAE04EC0-301F-11D3-BF4B-00C04F79EFBC}") = "what_watch_today", "what_watch_today\what_watch_today.csproj", "{3867F930-4522-4FB1-B3D3-8F6EA885474D}"
EndProject
Global
	GlobalSection(SolutionConfigurationPlatforms) = preSolution
		Debug|Any CPU = Debug|Any CPU
		Release|Any CPU = Release|Any CPU
	EndGlobalSection
	GlobalSection(ProjectConfigurationPlatforms) = postSolution
		{3867F930-4522-4FB1-B3D3-8F6EA885474D}.Debug|Any CPU.ActiveCfg = Debug|Any CPU
		{3867F930-4522-4FB1-B3D3-8F6EA885474D}.Debug|Any CPU.Build.0 = Debug|Any CPU
		{3867F930-4522-4FB1-B3D3-8F6EA885474D}.Release|Any CPU.ActiveCfg = Release|Any CPU
		{3867F930-4522-4FB1-B3D3-8F6EA885474D}.Release|Any CPU.Build.0 = Release|Any CPU
	EndGlobalSection
EndGlobal
